
Microsoft Visual Studio Solution File, Format Version 12.00
# Visual Studio 15
VisualStudioVersion = 15.0.26730.3
MinimumVisualStudioVersion = 10.0.40219.1
Project("{FAE04EC0-301F-11D3-BF4B-00C04F79EFBC}") = "poc-windowsservice-preflightcheck", "poc-windowsservice-preflightcheck.csproj", "{EC370004-D345-4844-99C3-4BA2FA176BD6}"
EndProject
Global
	GlobalSection(SolutionConfigurationPlatforms) = preSolution
		Debug|Any CPU = Debug|Any CPU
		Release|Any CPU = Release|Any CPU
	EndGlobalSection
	GlobalSection(ProjectConfigurationPlatforms) = postSolution
		{EC370004-D345-4844-99C3-4BA2FA176BD6}.Debug|Any CPU.ActiveCfg = Debug|Any CPU
		{EC370004-D345-4844-99C3-4BA2FA176BD6}.Debug|Any CPU.Build.0 = Debug|Any CPU
		{EC370004-D345-4844-99C3-4BA2FA176BD6}.Release|Any CPU.ActiveCfg = Release|Any CPU
		{EC370004-D345-4844-99C3-4BA2FA176BD6}.Release|Any CPU.Build.0 = Release|Any CPU
	EndGlobalSection
	GlobalSection(SolutionProperties) = preSolution
		HideSolutionNode = FALSE
	EndGlobalSection
	GlobalSection(ExtensibilityGlobals) = postSolution
		SolutionGuid = {0234B927-A435-4277-98CC-BBFAD5373AAC}
	EndGlobalSection
EndGlobal
